dependencies:
  espressif/esp-dsp:
    component_hash: 
      42dce32d46ac93dc11f60d368e29a830e9661c7345d794b8a45c343479cae636
    dependencies:
    - name: idf
      require: private
      version: '>=4.2'
    source:
      registry_url: https://components.espressif.com
      type: service
    version: 1.7.0
  espressif/esp-sr:
    component_hash: 
      79c448493a9f7202633d0a53237e116d7484322c64587a8b8140714bf3a4047b
    dependencies:
    - name: idf
      require: private
      version: '>=4.4'
    - name: espressif/esp-dsp
      registry_url: https://components.espressif.com
      require: private
      version: ^1.2.1
    source:
      registry_url: https://components.espressif.com/
      type: service
    targets:
    - esp32
    - esp32s2
    - esp32s3
    - esp32c3
    version: 1.4.2
  espressif/esp_codec_dev:
    component_hash: 
      1a3a2e518cd8b52e8796ec393a4050977f8f113599056faf085a02a57e194f86
    dependencies:
    - name: idf
      require: private
      version: '>=4.0'
    source:
      registry_url: https://components.espressif.com/
      type: service
    version: 1.1.0
  espressif/led_strip:
    component_hash: 
      28c6509a727ef74925b372ed404772aeedf11cce10b78c3f69b3c66799095e2d
    dependencies:
    - name: idf
      require: private
      version: '>=4.4'
    source:
      registry_url: https://components.espressif.com/
      type: service
    version: 2.5.5
  idf:
    source:
      type: idf
    version: 5.3.1
direct_dependencies:
- espressif/esp-sr
- espressif/esp_codec_dev
- espressif/led_strip
manifest_hash: b233d51c703848fba7bb469dba18749c09fa86d3a111030b4f08323ad4514e1a
target: esp32s3
version: 2.0.0
